// !$*UTF8*$!
{
	archiveVersion = 1;
	classes = {
	};
	objectVersion = 56;
	objects = {

/* Begin PBXBuildFile section */
		B569885A2D02DBB2007256D1 /* AppDelegate.m in Sources */ = {isa = PBXBuildFile; fileRef = B56988592D02DBB2007256D1 /* AppDelegate.m */; };
		B569885D2D02DBB2007256D1 /* SceneDelegate.m in Sources */ = {isa = PBXBuildFile; fileRef = B569885C2D02DBB2007256D1 /* SceneDelegate.m */; };
		B56988632D02DBB2007256D1 /* Main.storyboard in Resources */ = {isa = PBXBuildFile; fileRef = B56988612D02DBB2007256D1 /* Main.storyboard */; };
		B56988652D02DBB4007256D1 /* Assets.xcassets in Resources */ = {isa = PBXBuildFile; fileRef = B56988642D02DBB4007256D1 /* Assets.xcassets */; };
		B56988682D02DBB4007256D1 /* LaunchScreen.storyboard in Resources */ = {isa = PBXBuildFile; fileRef = B56988662D02DBB4007256D1 /* LaunchScreen.storyboard */; };
		B569886B2D02DBB4007256D1 /* main.m in Sources */ = {isa = PBXBuildFile; fileRef = B569886A2D02DBB4007256D1 /* main.m */; };
		B56988762D02DBF0007256D1 /* Resources in Resources */ = {isa = PBXBuildFile; fileRef = B56988752D02DBF0007256D1 /* Resources */; };
		B56988782D02DBFC007256D1 /* Utility in Resources */ = {isa = PBXBuildFile; fileRef = B56988772D02DBFB007256D1 /* Utility */; };
/* End PBXBuildFile section */

/* Begin PBXFileReference section */
		B56988552D02DBB2007256D1 /* Neostore1_ObjC.app */ = {isa = PBXFileReference; explicitFileType = wrapper.application; includeInIndex = 0; path = Neostore1_ObjC.app; sourceTree = BUILT_PRODUCTS_DIR; };
		B56988582D02DBB2007256D1 /* AppDelegate.h */ = {isa = PBXFileReference; lastKnownFileType = sourcecode.c.h; path = AppDelegate.h; sourceTree = "<group>"; };
		B56988592D02DBB2007256D1 /* AppDelegate.m */ = {isa = PBXFileReference; lastKnownFileType = sourcecode.c.objc; path = AppDelegate.m; sourceTree = "<group>"; };
		B569885B2D02DBB2007256D1 /* SceneDelegate.h */ = {isa = PBXFileReference; lastKnownFileType = sourcecode.c.h; path = SceneDelegate.h; sourceTree = "<group>"; };
		B569885C2D02DBB2007256D1 /* SceneDelegate.m */ = {isa = PBXFileReference; lastKnownFileType = sourcecode.c.objc; path = SceneDelegate.m; sourceTree = "<group>"; };
		B56988622D02DBB2007256D1 /* Base */ = {isa = PBXFileReference; lastKnownFileType = file.storyboard; name = Base; path = Base.lproj/Main.storyboard; sourceTree = "<group>"; };
		B56988642D02DBB4007256D1 /* Assets.xcassets */ = {isa = PBXFileReference; lastKnownFileType = folder.assetcatalog; path = Assets.xcassets; sourceTree = "<group>"; };
		B56988672D02DBB4007256D1 /* Base */ = {isa = PBXFileReference; lastKnownFileType = file.storyboard; name = Base; path = Base.lproj/LaunchScreen.storyboard; sourceTree = "<group>"; };
		B56988692D02DBB4007256D1 /* Info.plist */ = {isa = PBXFileReference; lastKnownFileType = text.plist.xml; path = Info.plist; sourceTree = "<group>"; };
		B569886A2D02DBB4007256D1 /* main.m */ = {isa = PBXFileReference; lastKnownFileType = sourcecode.c.objc; path = main.m; sourceTree = "<group>"; };
		B56988752D02DBF0007256D1 /* Resources */ = {isa = PBXFileReference; lastKnownFileType = folder; name = Resources; path = ../../Neostore_ObjectiveC/Neostore_ObjectiveC/Resources; sourceTree = "<group>"; };
		B56988772D02DBFB007256D1 /* Utility */ = {isa = PBXFileReference; lastKnownFileType = folder; name = Utility; path = ../../Neostore_ObjectiveC/Neostore_ObjectiveC/Utility; sourceTree = "<group>"; };
/* End PBXFileReference section */

/* Begin PBXFrameworksBuildPhase section */
		B56988522D02DBB2007256D1 /* Frameworks */ = {
			isa = PBXFrameworksBuildPhase;
			buildActionMask = 2147483647;
			files = (
			);
			runOnlyForDeploymentPostprocessing = 0;
		};
/* End PBXFrameworksBuildPhase section */

/* Begin PBXGroup section */
		B569884C2D02DBB2007256D1 = {
			isa = PBXGroup;
			children = (
				B56988572D02DBB2007256D1 /* Neostore1_ObjC */,
				B56988562D02DBB2007256D1 /* Products */,
			);
			sourceTree = "<group>";
		};
		B56988562D02DBB2007256D1 /* Products */ = {
			isa = PBXGroup;
			children = (
				B56988552D02DBB2007256D1 /* Neostore1_ObjC.app */,
			);
			name = Products;
			sourceTree = "<group>";
		};
		B56988572D02DBB2007256D1 /* Neostore1_ObjC */ = {
			isa = PBXGroup;
			children = (
				B56988792D02DC34007256D1 /* Application */,
				B56988752D02DBF0007256D1 /* Resources */,
				B56988772D02DBFB007256D1 /* Utility */,
				B56988612D02DBB2007256D1 /* Main.storyboard */,
				B56988642D02DBB4007256D1 /* Assets.xcassets */,
				B56988662D02DBB4007256D1 /* LaunchScreen.storyboard */,
				B56988692D02DBB4007256D1 /* Info.plist */,
			);
			path = Neostore1_ObjC;
			sourceTree = "<group>";
		};
		B56988792D02DC34007256D1 /* Application */ = {
			isa = PBXGroup;
			children = (
				B56988592D02DBB2007256D1 /* AppDelegate.m */,
				B569885B2D02DBB2007256D1 /* SceneDelegate.h */,
				B569885C2D02DBB2007256D1 /* SceneDelegate.m */,
				B569886A2D02DBB4007256D1 /* main.m */,
				B56988582D02DBB2007256D1 /* AppDelegate.h */,
			);
			path = Application;
			sourceTree = "<group>";
		};
/* End PBXGroup section */

/* Begin PBXNativeTarget section */
		B56988542D02DBB2007256D1 /* Neostore1_ObjC */ = {
			isa = PBXNativeTarget;
			buildConfigurationList = B569886E2D02DBB4007256D1 /* Build configuration list for PBXNativeTarget "Neostore1_ObjC" */;
			buildPhases = (
				B56988512D02DBB2007256D1 /* Sources */,
				B56988522D02DBB2007256D1 /* Frameworks */,
				B56988532D02DBB2007256D1 /* Resources */,
			);
			buildRules = (
			);
			dependencies = (
			);
			name = Neostore1_ObjC;
			productName = Neostore1_ObjC;
			productReference = B56988552D02DBB2007256D1 /* Neostore1_ObjC.app */;
			productType = "com.apple.product-type.application";
		};
/* End PBXNativeTarget section */

/* Begin PBXProject section */
		B569884D2D02DBB2007256D1 /* Project object */ = {
			isa = PBXProject;
			attributes = {
				BuildIndependentTargetsInParallel = 1;
				LastUpgradeCheck = 1430;
				TargetAttributes = {
					B56988542D02DBB2007256D1 = {
						CreatedOnToolsVersion = 14.3;
					};
				};
			};
			buildConfigurationList = B56988502D02DBB2007256D1 /* Build configuration list for PBXProject "Neostore1_ObjC" */;
			compatibilityVersion = "Xcode 14.0";
			developmentRegion = en;
			hasScannedForEncodings = 0;
			knownRegions = (
				en,
				Base,
			);
			mainGroup = B569884C2D02DBB2007256D1;
			productRefGroup = B56988562D02DBB2007256D1 /* Products */;
			projectDirPath = "";
			projectRoot = "";
			targets = (
				B56988542D02DBB2007256D1 /* Neostore1_ObjC */,
			);
		};
/* End PBXProject section */

/* Begin PBXResourcesBuildPhase section */
		B56988532D02DBB2007256D1 /* Resources */ = {
			isa = PBXResourcesBuildPhase;
			buildActionMask = 2147483647;
			files = (
				B56988682D02DBB4007256D1 /* LaunchScreen.storyboard in Resources */,
				B56988762D02DBF0007256D1 /* Resources in Resources */,
				B56988652D02DBB4007256D1 /* Assets.xcassets in Resources */,
				B56988782D02DBFC007256D1 /* Utility in Resources */,
				B56988632D02DBB2007256D1 /* Main.storyboard in Resources */,
			);
			runOnlyForDeploymentPostprocessing = 0;
		};
/* End PBXResourcesBuildPhase section */

/* Begin PBXSourcesBuildPhase section */
		B56988512D02DBB2007256D1 /* Sources */ = {
			isa = PBXSourcesBuildPhase;
			buildActionMask = 2147483647;
			files = (
				B569885A2D02DBB2007256D1 /* AppDelegate.m in Sources */,
				B569886B2D02DBB4007256D1 /* main.m in Sources */,
				B569885D2D02DBB2007256D1 /* SceneDelegate.m in Sources */,
			);
			runOnlyForDeploymentPostprocessing = 0;
		};
/* End PBXSourcesBuildPhase section */

/* Begin PBXVariantGroup section */
		B56988612D02DBB2007256D1 /* Main.storyboard */ = {
			isa = PBXVariantGroup;
			children = (
				B56988622D02DBB2007256D1 /* Base */,
			);
			name = Main.storyboard;
			sourceTree = "<group>";
		};
		B56988662D02DBB4007256D1 /* LaunchScreen.storyboard */ = {
			isa = PBXVariantGroup;
			children = (
				B56988672D02DBB4007256D1 /* Base */,
			);
			name = LaunchScreen.storyboard;
			sourceTree = "<group>";
		};
/* End PBXVariantGroup section */

/* Begin XCBuildConfiguration section */
		B569886C2D02DBB4007256D1 /* Debug */ = {
			isa = XCBuildConfiguration;
			buildSettings = {
				ALWAYS_SEARCH_USER_PATHS = NO;
				CLANG_ANALYZER_NONNULL = YES;
				CLANG_ANALYZER_NUMBER_OBJECT_CONVERSION = YES_AGGRESSIVE;
				CLANG_CXX_LANGUAGE_STANDARD = "gnu++20";
				CLANG_ENABLE_MODULES = YES;
				CLANG_ENABLE_OBJC_ARC = YES;
				CLANG_ENABLE_OBJC_WEAK = YES;
				CLANG_WARN_BLOCK_CAPTURE_AUTORELEASING = YES;
				CLANG_WARN_BOOL_CONVERSION = YES;
				CLANG_WARN_COMMA = YES;
				CLANG_WARN_CONSTANT_CONVERSION = YES;
				CLANG_WARN_DEPRECATED_OBJC_IMPLEMENTATIONS = YES;
				CLANG_WARN_DIRECT_OBJC_ISA_USAGE = YES_ERROR;
				CLANG_WARN_DOCUMENTATION_COMMENTS = YES;
				CLANG_WARN_EMPTY_BODY = YES;
				CLANG_WARN_ENUM_CONVERSION = YES;
				CLANG_WARN_INFINITE_RECURSION = YES;
				CLANG_WARN_INT_CONVERSION = YES;
				CLANG_WARN_NON_LITERAL_NULL_CONVERSION = YES;
				CLANG_WARN_OBJC_IMPLICIT_RETAIN_SELF = YES;
				CLANG_WARN_OBJC_LITERAL_CONVERSION = YES;
				CLANG_WARN_OBJC_ROOT_CLASS = YES_ERROR;
				CLANG_WARN_QUOTED_INCLUDE_IN_FRAMEWORK_HEADER = YES;
				CLANG_WARN_RANGE_LOOP_ANALYSIS = YES;
				CLANG_WARN_STRICT_PROTOTYPES = YES;
				CLANG_WARN_SUSPICIOUS_MOVE = YES;
				CLANG_WARN_UNGUARDED_AVAILABILITY = YES_AGGRESSIVE;
				CLANG_WARN_UNREACHABLE_CODE = YES;
				CLANG_WARN__DUPLICATE_METHOD_MATCH = YES;
				COPY_PHASE_STRIP = NO;
				DEBUG_INFORMATION_FORMAT = dwarf;
				ENABLE_STRICT_OBJC_MSGSEND = YES;
				ENABLE_TESTABILITY = YES;
				GCC_C_LANGUAGE_STANDARD = gnu11;
				GCC_DYNAMIC_NO_PIC = NO;
				GCC_NO_COMMON_BLOCKS = YES;
				GCC_OPTIMIZATION_LEVEL = 0;
				GCC_PREPROCESSOR_DEFINITIONS = (
					"DEBUG=1",
					"$(inherited)",
				);
				GCC_WARN_64_TO_32_BIT_CONVERSION = YES;
				GCC_WARN_ABOUT_RETURN_TYPE = YES_ERROR;
				GCC_WARN_UNDECLARED_SELECTOR = YES;
				GCC_WARN_UNINITIALIZED_AUTOS = YES_AGGRESSIVE;
				GCC_WARN_UNUSED_FUNCTION = YES;
				GCC_WARN_UNUSED_VARIABLE = YES;
				IPHONEOS_DEPLOYMENT_TARGET = 16.4;
				MTL_ENABLE_DEBUG_INFO = INCLUDE_SOURCE;
				MTL_FAST_MATH = YES;
				ONLY_ACTIVE_ARCH = YES;
				SDKROOT = iphoneos;
			};
			name = Debug;
		};
		B569886D2D02DBB4007256D1 /* Release */ = {
			isa = XCBuildConfiguration;
			buildSettings = {
				ALWAYS_SEARCH_USER_PATHS = NO;
				CLANG_ANALYZER_NONNULL = YES;
				CLANG_ANALYZER_NUMBER_OBJECT_CONVERSION = YES_AGGRESSIVE;
				CLANG_CXX_LANGUAGE_STANDARD = "gnu++20";
				CLANG_ENABLE_MODULES = YES;
				CLANG_ENABLE_OBJC_ARC = YES;
				CLANG_ENABLE_OBJC_WEAK = YES;
				CLANG_WARN_BLOCK_CAPTURE_AUTORELEASING = YES;
				CLANG_WARN_BOOL_CONVERSION = YES;
				CLANG_WARN_COMMA = YES;
				CLANG_WARN_CONSTANT_CONVERSION = YES;
				CLANG_WARN_DEPRECATED_OBJC_IMPLEMENTATIONS = YES;
				CLANG_WARN_DIRECT_OBJC_ISA_USAGE = YES_ERROR;
				CLANG_WARN_DOCUMENTATION_COMMENTS = YES;
				CLANG_WARN_EMPTY_BODY = YES;
				CLANG_WARN_ENUM_CONVERSION = YES;
				CLANG_WARN_INFINITE_RECURSION = YES;
				CLANG_WARN_INT_CONVERSION = YES;
				CLANG_WARN_NON_LITERAL_NULL_CONVERSION = YES;
				CLANG_WARN_OBJC_IMPLICIT_RETAIN_SELF = YES;
				CLANG_WARN_OBJC_LITERAL_CONVERSION = YES;
				CLANG_WARN_OBJC_ROOT_CLASS = YES_ERROR;
				CLANG_WARN_QUOTED_INCLUDE_IN_FRAMEWORK_HEADER = YES;
				CLANG_WARN_RANGE_LOOP_ANALYSIS = YES;
				CLANG_WARN_STRICT_PROTOTYPES = YES;
				CLANG_WARN_SUSPICIOUS_MOVE = YES;
				CLANG_WARN_UNGUARDED_AVAILABILITY = YES_AGGRESSIVE;
				CLANG_WARN_UNREACHABLE_CODE = YES;
				CLANG_WARN__DUPLICATE_METHOD_MATCH = YES;
				COPY_PHASE_STRIP = NO;
				DEBUG_INFORMATION_FORMAT = "dwarf-with-dsym";
				ENABLE_NS_ASSERTIONS = NO;
				ENABLE_STRICT_OBJC_MSGSEND = YES;
				GCC_C_LANGUAGE_STANDARD = gnu11;
				GCC_NO_COMMON_BLOCKS = YES;
				GCC_WARN_64_TO_32_BIT_CONVERSION = YES;
				GCC_WARN_ABOUT_RETURN_TYPE = YES_ERROR;
				GCC_WARN_UNDECLARED_SELECTOR = YES;
				GCC_WARN_UNINITIALIZED_AUTOS = YES_AGGRESSIVE;
				GCC_WARN_UNUSED_FUNCTION = YES;
				GCC_WARN_UNUSED_VARIABLE = YES;
				IPHONEOS_DEPLOYMENT_TARGET = 16.4;
				MTL_ENABLE_DEBUG_INFO = NO;
				MTL_FAST_MATH = YES;
				SDKROOT = iphoneos;
				VALIDATE_PRODUCT = YES;
			};
			name = Release;
		};
		B569886F2D02DBB4007256D1 /* Debug */ = {
			isa = XCBuildConfiguration;
			buildSettings = {
				ASSETCATALOG_COMPILER_APPICON_NAME = AppIcon;
				ASSETCATALOG_COMPILER_GLOBAL_ACCENT_COLOR_NAME = AccentColor;
				CODE_SIGN_STYLE = Automatic;
				CURRENT_PROJECT_VERSION = 1;
				GENERATE_INFOPLIST_FILE = YES;
				INFOPLIST_FILE = Neostore1_ObjC/Info.plist;
				INFOPLIST_KEY_UIApplicationSupportsIndirectInputEvents = YES;
				INFOPLIST_KEY_UILaunchStoryboardName = LaunchScreen;
				INFOPLIST_KEY_UIMainStoryboardFile = Main;
				INFOPLIST_KEY_UISupportedInterfaceOrientations_iPad = "UIInterfaceOrientationPortrait UIInterfaceOrientationPortraitUpsideDown UIInterfaceOrientationLandscapeLeft UIInterfaceOrientationLandscapeRight";
				INFOPLIST_KEY_UISupportedInterfaceOrientations_iPhone = "UIInterfaceOrientationPortrait UIInterfaceOrientationLandscapeLeft UIInterfaceOrientationLandscapeRight";
				LD_RUNPATH_SEARCH_PATHS = (
					"$(inherited)",
					"@executable_path/Frameworks",
				);
				MARKETING_VERSION = 1.0;
				PRODUCT_BUNDLE_IDENTIFIER = "com.registrationform.net.Neostore1-ObjC";
				PRODUCT_NAME = "$(TARGET_NAME)";
				SWIFT_EMIT_LOC_STRINGS = YES;
				TARGETED_DEVICE_FAMILY = "1,2";
			};
			name = Debug;
		};
		B56988702D02DBB4007256D1 /* Release */ = {
			isa = XCBuildConfiguration;
			buildSettings = {
				ASSETCATALOG_COMPILER_APPICON_NAME = AppIcon;
				ASSETCATALOG_COMPILER_GLOBAL_ACCENT_COLOR_NAME = AccentColor;
				CODE_SIGN_STYLE = Automatic;
				CURRENT_PROJECT_VERSION = 1;
				GENERATE_INFOPLIST_FILE = YES;
				INFOPLIST_FILE = Neostore1_ObjC/Info.plist;
				INFOPLIST_KEY_UIApplicationSupportsIndirectInputEvents = YES;
				INFOPLIST_KEY_UILaunchStoryboardName = LaunchScreen;
				INFOPLIST_KEY_UIMainStoryboardFile = Main;
				INFOPLIST_KEY_UISupportedInterfaceOrientations_iPad = "UIInterfaceOrientationPortrait UIInterfaceOrientationPortraitUpsideDown UIInterfaceOrientationLandscapeLeft UIInterfaceOrientationLandscapeRight";
				INFOPLIST_KEY_UISupportedInterfaceOrientations_iPhone = "UIInterfaceOrientationPortrait UIInterfaceOrientationLandscapeLeft UIInterfaceOrientationLandscapeRight";
				LD_RUNPATH_SEARCH_PATHS = (
					"$(inherited)",
					"@executable_path/Frameworks",
				);
				MARKETING_VERSION = 1.0;
				PRODUCT_BUNDLE_IDENTIFIER = "com.registrationform.net.Neostore1-ObjC";
				PRODUCT_NAME = "$(TARGET_NAME)";
				SWIFT_EMIT_LOC_STRINGS = YES;
				TARGETED_DEVICE_FAMILY = "1,2";
			};
			name = Release;
		};
/* End XCBuildConfiguration section */

/* Begin XCConfigurationList section */
		B56988502D02DBB2007256D1 /* Build configuration list for PBXProject "Neostore1_ObjC" */ = {
			isa = XCConfigurationList;
			buildConfigurations = (
				B569886C2D02DBB4007256D1 /* Debug */,
				B569886D2D02DBB4007256D1 /* Release */,
			);
			defaultConfigurationIsVisible = 0;
			defaultConfigurationName = Release;
		};
		B569886E2D02DBB4007256D1 /* Build configuration list for PBXNativeTarget "Neostore1_ObjC" */ = {
			isa = XCConfigurationList;
			buildConfigurations = (
				B569886F2D02DBB4007256D1 /* Debug */,
				B56988702D02DBB4007256D1 /* Release */,
			);
			defaultConfigurationIsVisible = 0;
			defaultConfigurationName = Release;
		};
/* End XCConfigurationList section */
	};
	rootObject = B569884D2D02DBB2007256D1 /* Project object */;
}
